
Microsoft Visual Studio Solution File, Format Version 12.00
# Visual Studio Version 17
VisualStudioVersion = 17.14.36109.1
MinimumVisualStudioVersion = 10.0.40219.1
Project("{2150E333-8FDC-42A3-9474-1A3956D46DE8}") = "Application", "Application", "{7A895536-D746-44F1-A6F1-898A961BE307}"
EndProject
Project("{2150E333-8FDC-42A3-9474-1A3956D46DE8}") = "Domain", "Domain", "{FA46DB1B-9C1F-4B7A-A400-708CE7B1A26C}"
EndProject
Project("{2150E333-8FDC-42A3-9474-1A3956D46DE8}") = "Infrastructure", "Infrastructure", "{3684E186-A52F-4BB9-AF67-1F12D7D4A8C2}"
EndProject
Project("{2150E333-8FDC-42A3-9474-1A3956D46DE8}") = "Contracts", "Contracts", "{C5443A83-DEC9-4612-966D-1BFFA0329A7E}"
EndProject
Project("{2150E333-8FDC-42A3-9474-1A3956D46DE8}") = "Database", "Database", "{21E3723E-B1EA-4BA0-B538-B9F19E1F1B6D}"
EndProject
Project("{2150E333-8FDC-42A3-9474-1A3956D46DE8}") = "Tests", "Tests", "{AC4F78A4-18F6-422C-A3FE-3C84C4406B22}"
EndProject
Project("{2150E333-8FDC-42A3-9474-1A3956D46DE8}") = "Engineering", "Engineering", "{1B934AEC-9817-44F1-B527-B67D93FDBDBC}"
	ProjectSection(SolutionItems) = preProject
		CHANGELOG.md = CHANGELOG.md
		README.md = README.md
	EndProjectSection
EndProject
Project("{FAE04EC0-301F-11D3-BF4B-00C04F79EFBC}") = "{{ProjectName}}.Application", "{{ProjectName}}.Application\{{ProjectName}}.Application.csproj", "{071ED340-B131-43BB-8F21-99968FD8DCA6}"
EndProject
Project("{FAE04EC0-301F-11D3-BF4B-00C04F79EFBC}") = "{{ProjectName}}.Domain", "{{ProjectName}}.Domain\{{ProjectName}}.Domain.csproj", "{5F2502BB-14A8-411A-9023-E8E1E8AB7431}"
EndProject
Project("{FAE04EC0-301F-11D3-BF4B-00C04F79EFBC}") = "{{ProjectName}}.Infrastructure", "{{ProjectName}}.Infrastructure\{{ProjectName}}.Infrastructure.csproj", "{858879FA-BD05-4DCE-95D3-2B549B27787F}"
EndProject
Project("{FAE04EC0-301F-11D3-BF4B-00C04F79EFBC}") = "{{ProjectName}}.Contracts", "{{ProjectName}}.Contracts\{{ProjectName}}.Contracts.csproj", "{96B60417-F5C5-43BC-96B3-4CDC28DF3396}"
EndProject
Project("{FAE04EC0-301F-11D3-BF4B-00C04F79EFBC}") = "{{ProjectName}}.Tests", "{{ProjectName}}.Tests\{{ProjectName}}.Tests.csproj", "{6F2AE8EE-B2DA-4DC5-89A5-C8B3D04F71AC}"
EndProject
Project("{2150E333-8FDC-42A3-9474-1A3956D46DE8}") = "{{ProjectName}}.Database", "{{ProjectName}}.Database", "{A4ECC495-F4FF-44D1-9760-404D5D35BB0F}"
EndProject
Project("{2150E333-8FDC-42A3-9474-1A3956D46DE8}") = "docs", "docs", "{2A028AC2-6E51-434F-AAA8-1EF6D3A8055B}"
	ProjectSection(SolutionItems) = preProject
		Architecture.md = Architecture.md
		PROJECT.md = PROJECT.md
	EndProjectSection
EndProject
Project("{2150E333-8FDC-42A3-9474-1A3956D46DE8}") = "Tables", "Tables", "{598441D0-83BB-4032-9342-9BF4198C0526}"
EndProject
Project("{2150E333-8FDC-42A3-9474-1A3956D46DE8}") = "Views", "Views", "{B02FBFF9-D3DB-4B9C-B525-044897F82D69}"
EndProject
Project("{2150E333-8FDC-42A3-9474-1A3956D46DE8}") = "StoredProcedures", "StoredProcedures", "{7D16863D-7ADF-4326-88F3-BABFBEFA6B35}"
EndProject
Project("{2150E333-8FDC-42A3-9474-1A3956D46DE8}") = "Functions", "Functions", "{CFAF9F9F-497F-489D-A3F2-464C50FA10A8}"
EndProject
Project("{2150E333-8FDC-42A3-9474-1A3956D46DE8}") = "Security", "Security", "{542CB59E-B15A-4EFA-8CF3-48FFD1A50C38}"
EndProject
Project("{2150E333-8FDC-42A3-9474-1A3956D46DE8}") = "Seeds", "Seeds", "{FA2C13DC-8908-4A30-A86D-574FC485A26F}"
EndProject
Project("{2150E333-8FDC-42A3-9474-1A3956D46DE8}") = "Scripts", "Scripts", "{A4850E1D-0B0E-43FE-A49A-754940F78053}"
EndProject
Project("{2150E333-8FDC-42A3-9474-1A3956D46DE8}") = "API", "API", "{02EA681E-C7D8-13C7-8484-4AC65E1B71E8}"
EndProject
Project("{FAE04EC0-301F-11D3-BF4B-00C04F79EFBC}") = "{{ProjectName}}.API", "{{ProjectName}}.API\{{ProjectName}}.API.csproj", "{2C6F3770-3E61-4011-81E8-C393334A07C8}"
EndProject
Global
	GlobalSection(SolutionConfigurationPlatforms) = preSolution
		Debug|Any CPU = Debug|Any CPU
		Release|Any CPU = Release|Any CPU
	EndGlobalSection
	GlobalSection(ProjectConfigurationPlatforms) = postSolution
		{071ED340-B131-43BB-8F21-99968FD8DCA6}.Debug|Any CPU.ActiveCfg = Debug|Any CPU
		{071ED340-B131-43BB-8F21-99968FD8DCA6}.Debug|Any CPU.Build.0 = Debug|Any CPU
		{071ED340-B131-43BB-8F21-99968FD8DCA6}.Release|Any CPU.ActiveCfg = Release|Any CPU
		{071ED340-B131-43BB-8F21-99968FD8DCA6}.Release|Any CPU.Build.0 = Release|Any CPU
		{5F2502BB-14A8-411A-9023-E8E1E8AB7431}.Debug|Any CPU.ActiveCfg = Debug|Any CPU
		{5F2502BB-14A8-411A-9023-E8E1E8AB7431}.Debug|Any CPU.Build.0 = Debug|Any CPU
		{5F2502BB-14A8-411A-9023-E8E1E8AB7431}.Release|Any CPU.ActiveCfg = Release|Any CPU
		{5F2502BB-14A8-411A-9023-E8E1E8AB7431}.Release|Any CPU.Build.0 = Release|Any CPU
		{858879FA-BD05-4DCE-95D3-2B549B27787F}.Debug|Any CPU.ActiveCfg = Debug|Any CPU
		{858879FA-BD05-4DCE-95D3-2B549B27787F}.Debug|Any CPU.Build.0 = Debug|Any CPU
		{858879FA-BD05-4DCE-95D3-2B549B27787F}.Release|Any CPU.ActiveCfg = Release|Any CPU
		{858879FA-BD05-4DCE-95D3-2B549B27787F}.Release|Any CPU.Build.0 = Release|Any CPU
		{96B60417-F5C5-43BC-96B3-4CDC28DF3396}.Debug|Any CPU.ActiveCfg = Debug|Any CPU
		{96B60417-F5C5-43BC-96B3-4CDC28DF3396}.Debug|Any CPU.Build.0 = Debug|Any CPU
		{96B60417-F5C5-43BC-96B3-4CDC28DF3396}.Release|Any CPU.ActiveCfg = Release|Any CPU
		{96B60417-F5C5-43BC-96B3-4CDC28DF3396}.Release|Any CPU.Build.0 = Release|Any CPU
		{6F2AE8EE-B2DA-4DC5-89A5-C8B3D04F71AC}.Debug|Any CPU.ActiveCfg = Debug|Any CPU
		{6F2AE8EE-B2DA-4DC5-89A5-C8B3D04F71AC}.Debug|Any CPU.Build.0 = Debug|Any CPU
		{6F2AE8EE-B2DA-4DC5-89A5-C8B3D04F71AC}.Release|Any CPU.ActiveCfg = Release|Any CPU
		{6F2AE8EE-B2DA-4DC5-89A5-C8B3D04F71AC}.Release|Any CPU.Build.0 = Release|Any CPU
		{2C6F3770-3E61-4011-81E8-C393334A07C8}.Debug|Any CPU.ActiveCfg = Debug|Any CPU
		{2C6F3770-3E61-4011-81E8-C393334A07C8}.Debug|Any CPU.Build.0 = Debug|Any CPU
		{2C6F3770-3E61-4011-81E8-C393334A07C8}.Release|Any CPU.ActiveCfg = Release|Any CPU
		{2C6F3770-3E61-4011-81E8-C393334A07C8}.Release|Any CPU.Build.0 = Release|Any CPU
	EndGlobalSection
	GlobalSection(SolutionProperties) = preSolution
		HideSolutionNode = FALSE
	EndGlobalSection
	GlobalSection(NestedProjects) = preSolution
		{071ED340-B131-43BB-8F21-99968FD8DCA6} = {7A895536-D746-44F1-A6F1-898A961BE307}
		{5F2502BB-14A8-411A-9023-E8E1E8AB7431} = {FA46DB1B-9C1F-4B7A-A400-708CE7B1A26C}
		{858879FA-BD05-4DCE-95D3-2B549B27787F} = {3684E186-A52F-4BB9-AF67-1F12D7D4A8C2}
		{96B60417-F5C5-43BC-96B3-4CDC28DF3396} = {C5443A83-DEC9-4612-966D-1BFFA0329A7E}
		{6F2AE8EE-B2DA-4DC5-89A5-C8B3D04F71AC} = {AC4F78A4-18F6-422C-A3FE-3C84C4406B22}
		{A4ECC495-F4FF-44D1-9760-404D5D35BB0F} = {21E3723E-B1EA-4BA0-B538-B9F19E1F1B6D}
		{2A028AC2-6E51-434F-AAA8-1EF6D3A8055B} = {1B934AEC-9817-44F1-B527-B67D93FDBDBC}
		{598441D0-83BB-4032-9342-9BF4198C0526} = {A4ECC495-F4FF-44D1-9760-404D5D35BB0F}
		{B02FBFF9-D3DB-4B9C-B525-044897F82D69} = {A4ECC495-F4FF-44D1-9760-404D5D35BB0F}
		{7D16863D-7ADF-4326-88F3-BABFBEFA6B35} = {A4ECC495-F4FF-44D1-9760-404D5D35BB0F}
		{CFAF9F9F-497F-489D-A3F2-464C50FA10A8} = {A4ECC495-F4FF-44D1-9760-404D5D35BB0F}
		{542CB59E-B15A-4EFA-8CF3-48FFD1A50C38} = {A4ECC495-F4FF-44D1-9760-404D5D35BB0F}
		{FA2C13DC-8908-4A30-A86D-574FC485A26F} = {A4ECC495-F4FF-44D1-9760-404D5D35BB0F}
		{A4850E1D-0B0E-43FE-A49A-754940F78053} = {A4ECC495-F4FF-44D1-9760-404D5D35BB0F}
		{2C6F3770-3E61-4011-81E8-C393334A07C8} = {02EA681E-C7D8-13C7-8484-4AC65E1B71E8}
	EndGlobalSection
	GlobalSection(ExtensibilityGlobals) = postSolution
		SolutionGuid = {4E220BBE-34AB-4CA3-B0C9-2216E0131C65}
	EndGlobalSection
EndGlobal
